
Microsoft Visual Studio Solution File, Format Version 12.00
# Visual Studio 15
VisualStudioVersion = 15.0.27130.2010
MinimumVisualStudioVersion = 10.0.40219.1
Project("{9A19103F-16F7-4668-BE54-9A1E7A4F7556}") = "ConcurrentAndParallel", "ConcurrentAndParallel\ConcurrentAndParallel.csproj", "{E509142D-5FE6-42D6-9581-87B4FA1ED51C}"
EndProject
Project("{9A19103F-16F7-4668-BE54-9A1E7A4F7556}") = "Threading", "Threading\Threading.csproj", "{F45E4B8B-B2CA-4F5A-B412-9F063022B11D}"
EndProject
Project("{9A19103F-16F7-4668-BE54-9A1E7A4F7556}") = "AsyncAwait", "AsyncAwait\AsyncAwait.csproj", "{2D7BB9D3-689B-4B23-9EF6-4764372FC04A}"
EndProject
Project("{FAE04EC0-301F-11D3-BF4B-00C04F79EFBC}") = "AsyncWeb", "AsyncWeb\AsyncWeb.csproj", "{C8CE23A3-3D0A-482A-A79D-6CF804B71DDA}"
EndProject
Global
	GlobalSection(SolutionConfigurationPlatforms) = preSolution
		Debug|Any CPU = Debug|Any CPU
		Release|Any CPU = Release|Any CPU
	EndGlobalSection
	GlobalSection(ProjectConfigurationPlatforms) = postSolution
		{E509142D-5FE6-42D6-9581-87B4FA1ED51C}.Debug|Any CPU.ActiveCfg = Debug|Any CPU
		{E509142D-5FE6-42D6-9581-87B4FA1ED51C}.Debug|Any CPU.Build.0 = Debug|Any CPU
		{E509142D-5FE6-42D6-9581-87B4FA1ED51C}.Release|Any CPU.ActiveCfg = Release|Any CPU
		{E509142D-5FE6-42D6-9581-87B4FA1ED51C}.Release|Any CPU.Build.0 = Release|Any CPU
		{F45E4B8B-B2CA-4F5A-B412-9F063022B11D}.Debug|Any CPU.ActiveCfg = Debug|Any CPU
		{F45E4B8B-B2CA-4F5A-B412-9F063022B11D}.Debug|Any CPU.Build.0 = Debug|Any CPU
		{F45E4B8B-B2CA-4F5A-B412-9F063022B11D}.Release|Any CPU.ActiveCfg = Release|Any CPU
		{F45E4B8B-B2CA-4F5A-B412-9F063022B11D}.Release|Any CPU.Build.0 = Release|Any CPU
		{2D7BB9D3-689B-4B23-9EF6-4764372FC04A}.Debug|Any CPU.ActiveCfg = Debug|Any CPU
		{2D7BB9D3-689B-4B23-9EF6-4764372FC04A}.Debug|Any CPU.Build.0 = Debug|Any CPU
		{2D7BB9D3-689B-4B23-9EF6-4764372FC04A}.Release|Any CPU.ActiveCfg = Release|Any CPU
		{2D7BB9D3-689B-4B23-9EF6-4764372FC04A}.Release|Any CPU.Build.0 = Release|Any CPU
		{C8CE23A3-3D0A-482A-A79D-6CF804B71DDA}.Debug|Any CPU.ActiveCfg = Debug|Any CPU
		{C8CE23A3-3D0A-482A-A79D-6CF804B71DDA}.Debug|Any CPU.Build.0 = Debug|Any CPU
		{C8CE23A3-3D0A-482A-A79D-6CF804B71DDA}.Release|Any CPU.ActiveCfg = Release|Any CPU
		{C8CE23A3-3D0A-482A-A79D-6CF804B71DDA}.Release|Any CPU.Build.0 = Release|Any CPU
	EndGlobalSection
	GlobalSection(SolutionProperties) = preSolution
		HideSolutionNode = FALSE
	EndGlobalSection
	GlobalSection(ExtensibilityGlobals) = postSolution
		SolutionGuid = {A8C83582-0DA4-4BB6-9FAC-1131DD322597}
	EndGlobalSection
EndGlobal
